// !$*UTF8*$!
{
	archiveVersion = 1;
	classes = {
	};
	objectVersion = 55;
	objects = {

/* Begin PBXBuildFile section */
		5040E45227EDAC35007170A5 /* UndomanagerApp.swift in Sources */ = {isa = PBXBuildFile; fileRef = 5040E45127EDAC35007170A5 /* UndomanagerApp.swift */; };
		5040E45427EDAC35007170A5 /* ContentView.swift in Sources */ = {isa = PBXBuildFile; fileRef = 5040E45327EDAC35007170A5 /* ContentView.swift */; };
		5040E45627EDAC3A007170A5 /* Assets.xcassets in Resources */ = {isa = PBXBuildFile; fileRef = 5040E45527EDAC3A007170A5 /* Assets.xcassets */; };
		5040E45927EDAC3A007170A5 /* Preview Assets.xcassets in Resources */ = {isa = PBXBuildFile; fileRef = 5040E45827EDAC3A007170A5 /* Preview Assets.xcassets */; };
		5040E46327EDAC3A007170A5 /* UndomanagerTests.swift in Sources */ = {isa = PBXBuildFile; fileRef = 5040E46227EDAC3A007170A5 /* UndomanagerTests.swift */; };
		5040E46D27EDAC3A007170A5 /* UndomanagerUITests.swift in Sources */ = {isa = PBXBuildFile; fileRef = 5040E46C27EDAC3A007170A5 /* UndomanagerUITests.swift */; };
		5040E46F27EDAC3A007170A5 /* UndomanagerUITestsLaunchTests.swift in Sources */ = {isa = PBXBuildFile; fileRef = 5040E46E27EDAC3A007170A5 /* UndomanagerUITestsLaunchTests.swift */; };
		5040E47D27EDADB8007170A5 /* CellView.swift in Sources */ = {isa = PBXBuildFile; fileRef = 5040E47C27EDADB8007170A5 /* CellView.swift */; };
		5040E48027EDAEBB007170A5 /* Student.swift in Sources */ = {isa = PBXBuildFile; fileRef = 5040E47F27EDAEBB007170A5 /* Student.swift */; };
		5040E48527EDB160007170A5 /* UndoRedoView.swift in Sources */ = {isa = PBXBuildFile; fileRef = 5040E48427EDB160007170A5 /* UndoRedoView.swift */; };
		5040E48827EDBB49007170A5 /* UndoRedoViewModel.swift in Sources */ = {isa = PBXBuildFile; fileRef = 5040E48727EDBB49007170A5 /* UndoRedoViewModel.swift */; };
		5090D24F280821DF003A913F /* Stack.swift in Sources */ = {isa = PBXBuildFile; fileRef = 5090D24E280821DF003A913F /* Stack.swift */; };
		5090D2512808230B003A913F /* UndoRedoManager.swift in Sources */ = {isa = PBXBuildFile; fileRef = 5090D2502808230B003A913F /* UndoRedoManager.swift */; };
/* End PBXBuildFile section */

/* Begin PBXContainerItemProxy section */
		5040E45F27EDAC3A007170A5 /* PBXContainerItemProxy */ = {
			isa = PBXContainerItemProxy;
			containerPortal = 5040E44627EDAC35007170A5 /* Project object */;
			proxyType = 1;
			remoteGlobalIDString = 5040E44D27EDAC35007170A5;
			remoteInfo = Undomanager;
		};
		5040E46927EDAC3A007170A5 /* PBXContainerItemProxy */ = {
			isa = PBXContainerItemProxy;
			containerPortal = 5040E44627EDAC35007170A5 /* Project object */;
			proxyType = 1;
			remoteGlobalIDString = 5040E44D27EDAC35007170A5;
			remoteInfo = Undomanager;
		};
/* End PBXContainerItemProxy section */

/* Begin PBXFileReference section */
		5040E44E27EDAC35007170A5 /* Undomanager.app */ = {isa = PBXFileReference; explicitFileType = wrapper.application; includeInIndex = 0; path = Undomanager.app; sourceTree = BUILT_PRODUCTS_DIR; };
		5040E45127EDAC35007170A5 /* UndomanagerApp.swift */ = {isa = PBXFileReference; lastKnownFileType = sourcecode.swift; path = UndomanagerApp.swift; sourceTree = "<group>"; };
		5040E45327EDAC35007170A5 /* ContentView.swift */ = {isa = PBXFileReference; lastKnownFileType = sourcecode.swift; path = ContentView.swift; sourceTree = "<group>"; };
		5040E45527EDAC3A007170A5 /* Assets.xcassets */ = {isa = PBXFileReference; lastKnownFileType = folder.assetcatalog; path = Assets.xcassets; sourceTree = "<group>"; };
		5040E45827EDAC3A007170A5 /* Preview Assets.xcassets */ = {isa = PBXFileReference; lastKnownFileType = folder.assetcatalog; path = "Preview Assets.xcassets"; sourceTree = "<group>"; };
		5040E45E27EDAC3A007170A5 /* UndomanagerTests.xctest */ = {isa = PBXFileReference; explicitFileType = wrapper.cfbundle; includeInIndex = 0; path = UndomanagerTests.xctest; sourceTree = BUILT_PRODUCTS_DIR; };
		5040E46227EDAC3A007170A5 /* UndomanagerTests.swift */ = {isa = PBXFileReference; lastKnownFileType = sourcecode.swift; path = UndomanagerTests.swift; sourceTree = "<group>"; };
		5040E46827EDAC3A007170A5 /* UndomanagerUITests.xctest */ = {isa = PBXFileReference; explicitFileType = wrapper.cfbundle; includeInIndex = 0; path = UndomanagerUITests.xctest; sourceTree = BUILT_PRODUCTS_DIR; };
		5040E46C27EDAC3A007170A5 /* UndomanagerUITests.swift */ = {isa = PBXFileReference; lastKnownFileType = sourcecode.swift; path = UndomanagerUITests.swift; sourceTree = "<group>"; };
		5040E46E27EDAC3A007170A5 /* UndomanagerUITestsLaunchTests.swift */ = {isa = PBXFileReference; lastKnownFileType = sourcecode.swift; path = UndomanagerUITestsLaunchTests.swift; sourceTree = "<group>"; };
		5040E47C27EDADB8007170A5 /* CellView.swift */ = {isa = PBXFileReference; lastKnownFileType = sourcecode.swift; path = CellView.swift; sourceTree = "<group>"; };
		5040E47F27EDAEBB007170A5 /* Student.swift */ = {isa = PBXFileReference; lastKnownFileType = sourcecode.swift; path = Student.swift; sourceTree = "<group>"; };
		5040E48427EDB160007170A5 /* UndoRedoView.swift */ = {isa = PBXFileReference; lastKnownFileType = sourcecode.swift; path = UndoRedoView.swift; sourceTree = "<group>"; };
		5040E48727EDBB49007170A5 /* UndoRedoViewModel.swift */ = {isa = PBXFileReference; lastKnownFileType = sourcecode.swift; path = UndoRedoViewModel.swift; sourceTree = "<group>"; };
		5090D24E280821DF003A913F /* Stack.swift */ = {isa = PBXFileReference; lastKnownFileType = sourcecode.swift; path = Stack.swift; sourceTree = "<group>"; };
		5090D2502808230B003A913F /* UndoRedoManager.swift */ = {isa = PBXFileReference; lastKnownFileType = sourcecode.swift; path = UndoRedoManager.swift; sourceTree = "<group>"; };
		5090D25228082C5D003A913F /* Readme.md */ = {isa = PBXFileReference; lastKnownFileType = net.daringfireball.markdown; path = Readme.md; sourceTree = "<group>"; };
/* End PBXFileReference section */

/* Begin PBXFrameworksBuildPhase section */
		5040E44B27EDAC35007170A5 /* Frameworks */ = {
			isa = PBXFrameworksBuildPhase;
			buildActionMask = 2147483647;
			files = (
			);
			runOnlyForDeploymentPostprocessing = 0;
		};
		5040E45B27EDAC3A007170A5 /* Frameworks */ = {
			isa = PBXFrameworksBuildPhase;
			buildActionMask = 2147483647;
			files = (
			);
			runOnlyForDeploymentPostprocessing = 0;
		};
		5040E46527EDAC3A007170A5 /* Frameworks */ = {
			isa = PBXFrameworksBuildPhase;
			buildActionMask = 2147483647;
			files = (
			);
			runOnlyForDeploymentPostprocessing = 0;
		};
/* End PBXFrameworksBuildPhase section */

/* Begin PBXGroup section */
		5040E44527EDAC35007170A5 = {
			isa = PBXGroup;
			children = (
				5090D25228082C5D003A913F /* Readme.md */,
				5040E45027EDAC35007170A5 /* Undomanager */,
				5040E46127EDAC3A007170A5 /* UndomanagerTests */,
				5040E46B27EDAC3A007170A5 /* UndomanagerUITests */,
				5040E44F27EDAC35007170A5 /* Products */,
			);
			sourceTree = "<group>";
		};
		5040E44F27EDAC35007170A5 /* Products */ = {
			isa = PBXGroup;
			children = (
				5040E44E27EDAC35007170A5 /* Undomanager.app */,
				5040E45E27EDAC3A007170A5 /* UndomanagerTests.xctest */,
				5040E46827EDAC3A007170A5 /* UndomanagerUITests.xctest */,
			);
			name = Products;
			sourceTree = "<group>";
		};
		5040E45027EDAC35007170A5 /* Undomanager */ = {
			isa = PBXGroup;
			children = (
				5040E48627EDB84B007170A5 /* Manager */,
				5040E47E27EDAEA6007170A5 /* Models */,
				5040E47B27EDAD2A007170A5 /* Modules */,
				5040E45127EDAC35007170A5 /* UndomanagerApp.swift */,
				5040E45527EDAC3A007170A5 /* Assets.xcassets */,
				5040E45727EDAC3A007170A5 /* Preview Content */,
			);
			path = Undomanager;
			sourceTree = "<group>";
		};
		5040E45727EDAC3A007170A5 /* Preview Content */ = {
			isa = PBXGroup;
			children = (
				5040E45827EDAC3A007170A5 /* Preview Assets.xcassets */,
			);
			path = "Preview Content";
			sourceTree = "<group>";
		};
		5040E46127EDAC3A007170A5 /* UndomanagerTests */ = {
			isa = PBXGroup;
			children = (
				5040E46227EDAC3A007170A5 /* UndomanagerTests.swift */,
			);
			path = UndomanagerTests;
			sourceTree = "<group>";
		};
		5040E46B27EDAC3A007170A5 /* UndomanagerUITests */ = {
			isa = PBXGroup;
			children = (
				5040E46C27EDAC3A007170A5 /* UndomanagerUITests.swift */,
				5040E46E27EDAC3A007170A5 /* UndomanagerUITestsLaunchTests.swift */,
			);
			path = UndomanagerUITests;
			sourceTree = "<group>";
		};
		5040E47B27EDAD2A007170A5 /* Modules */ = {
			isa = PBXGroup;
			children = (
				5040E48227EDAF0A007170A5 /* DefaultUndo */,
				5040E48127EDAEF1007170A5 /* Main */,
				5040E47C27EDADB8007170A5 /* CellView.swift */,
			);
			path = Modules;
			sourceTree = "<group>";
		};
		5040E47E27EDAEA6007170A5 /* Models */ = {
			isa = PBXGroup;
			children = (
				5040E47F27EDAEBB007170A5 /* Student.swift */,
			);
			path = Models;
			sourceTree = "<group>";
		};
		5040E48127EDAEF1007170A5 /* Main */ = {
			isa = PBXGroup;
			children = (
				5040E45327EDAC35007170A5 /* ContentView.swift */,
			);
			path = Main;
			sourceTree = "<group>";
		};
		5040E48227EDAF0A007170A5 /* DefaultUndo */ = {
			isa = PBXGroup;
			children = (
				5040E48427EDB160007170A5 /* UndoRedoView.swift */,
				5040E48727EDBB49007170A5 /* UndoRedoViewModel.swift */,
			);
			path = DefaultUndo;
			sourceTree = "<group>";
		};
		5040E48627EDB84B007170A5 /* Manager */ = {
			isa = PBXGroup;
			children = (
				5090D24E280821DF003A913F /* Stack.swift */,
				5090D2502808230B003A913F /* UndoRedoManager.swift */,
			);
			path = Manager;
			sourceTree = "<group>";
		};
/* End PBXGroup section */

/* Begin PBXNativeTarget section */
		5040E44D27EDAC35007170A5 /* Undomanager */ = {
			isa = PBXNativeTarget;
			buildConfigurationList = 5040E47227EDAC3A007170A5 /* Build configuration list for PBXNativeTarget "Undomanager" */;
			buildPhases = (
				5040E44A27EDAC35007170A5 /* Sources */,
				5040E44B27EDAC35007170A5 /* Frameworks */,
				5040E44C27EDAC35007170A5 /* Resources */,
			);
			buildRules = (
			);
			dependencies = (
			);
			name = Undomanager;
			productName = Undomanager;
			productReference = 5040E44E27EDAC35007170A5 /* Undomanager.app */;
			productType = "com.apple.product-type.application";
		};
		5040E45D27EDAC3A007170A5 /* UndomanagerTests */ = {
			isa = PBXNativeTarget;
			buildConfigurationList = 5040E47527EDAC3A007170A5 /* Build configuration list for PBXNativeTarget "UndomanagerTests" */;
			buildPhases = (
				5040E45A27EDAC3A007170A5 /* Sources */,
				5040E45B27EDAC3A007170A5 /* Frameworks */,
				5040E45C27EDAC3A007170A5 /* Resources */,
			);
			buildRules = (
			);
			dependencies = (
				5040E46027EDAC3A007170A5 /* PBXTargetDependency */,
			);
			name = UndomanagerTests;
			productName = UndomanagerTests;
			productReference = 5040E45E27EDAC3A007170A5 /* UndomanagerTests.xctest */;
			productType = "com.apple.product-type.bundle.unit-test";
		};
		5040E46727EDAC3A007170A5 /* UndomanagerUITests */ = {
			isa = PBXNativeTarget;
			buildConfigurationList = 5040E47827EDAC3A007170A5 /* Build configuration list for PBXNativeTarget "UndomanagerUITests" */;
			buildPhases = (
				5040E46427EDAC3A007170A5 /* Sources */,
				5040E46527EDAC3A007170A5 /* Frameworks */,
				5040E46627EDAC3A007170A5 /* Resources */,
			);
			buildRules = (
			);
			dependencies = (
				5040E46A27EDAC3A007170A5 /* PBXTargetDependency */,
			);
			name = UndomanagerUITests;
			productName = UndomanagerUITests;
			productReference = 5040E46827EDAC3A007170A5 /* UndomanagerUITests.xctest */;
			productType = "com.apple.product-type.bundle.ui-testing";
		};
/* End PBXNativeTarget section */

/* Begin PBXProject section */
		5040E44627EDAC35007170A5 /* Project object */ = {
			isa = PBXProject;
			attributes = {
				BuildIndependentTargetsInParallel = 1;
				LastSwiftUpdateCheck = 1320;
				LastUpgradeCheck = 1320;
				TargetAttributes = {
					5040E44D27EDAC35007170A5 = {
						CreatedOnToolsVersion = 13.2.1;
					};
					5040E45D27EDAC3A007170A5 = {
						CreatedOnToolsVersion = 13.2.1;
						TestTargetID = 5040E44D27EDAC35007170A5;
					};
					5040E46727EDAC3A007170A5 = {
						CreatedOnToolsVersion = 13.2.1;
						TestTargetID = 5040E44D27EDAC35007170A5;
					};
				};
			};
			buildConfigurationList = 5040E44927EDAC35007170A5 /* Build configuration list for PBXProject "Undomanager" */;
			compatibilityVersion = "Xcode 13.0";
			developmentRegion = en;
			hasScannedForEncodings = 0;
			knownRegions = (
				en,
				Base,
			);
			mainGroup = 5040E44527EDAC35007170A5;
			productRefGroup = 5040E44F27EDAC35007170A5 /* Products */;
			projectDirPath = "";
			projectRoot = "";
			targets = (
				5040E44D27EDAC35007170A5 /* Undomanager */,
				5040E45D27EDAC3A007170A5 /* UndomanagerTests */,
				5040E46727EDAC3A007170A5 /* UndomanagerUITests */,
			);
		};
/* End PBXProject section */

/* Begin PBXResourcesBuildPhase section */
		5040E44C27EDAC35007170A5 /* Resources */ = {
			isa = PBXResourcesBuildPhase;
			buildActionMask = 2147483647;
			files = (
				5040E45927EDAC3A007170A5 /* Preview Assets.xcassets in Resources */,
				5040E45627EDAC3A007170A5 /* Assets.xcassets in Resources */,
			);
			runOnlyForDeploymentPostprocessing = 0;
		};
		5040E45C27EDAC3A007170A5 /* Resources */ = {
			isa = PBXResourcesBuildPhase;
			buildActionMask = 2147483647;
			files = (
			);
			runOnlyForDeploymentPostprocessing = 0;
		};
		5040E46627EDAC3A007170A5 /* Resources */ = {
			isa = PBXResourcesBuildPhase;
			buildActionMask = 2147483647;
			files = (
			);
			runOnlyForDeploymentPostprocessing = 0;
		};
/* End PBXResourcesBuildPhase section */

/* Begin PBXSourcesBuildPhase section */
		5040E44A27EDAC35007170A5 /* Sources */ = {
			isa = PBXSourcesBuildPhase;
			buildActionMask = 2147483647;
			files = (
				5040E48827EDBB49007170A5 /* UndoRedoViewModel.swift in Sources */,
				5090D24F280821DF003A913F /* Stack.swift in Sources */,
				5040E45427EDAC35007170A5 /* ContentView.swift in Sources */,
				5040E45227EDAC35007170A5 /* UndomanagerApp.swift in Sources */,
				5040E47D27EDADB8007170A5 /* CellView.swift in Sources */,
				5090D2512808230B003A913F /* UndoRedoManager.swift in Sources */,
				5040E48027EDAEBB007170A5 /* Student.swift in Sources */,
				5040E48527EDB160007170A5 /* UndoRedoView.swift in Sources */,
			);
			runOnlyForDeploymentPostprocessing = 0;
		};
		5040E45A27EDAC3A007170A5 /* Sources */ = {
			isa = PBXSourcesBuildPhase;
			buildActionMask = 2147483647;
			files = (
				5040E46327EDAC3A007170A5 /* UndomanagerTests.swift in Sources */,
			);
			runOnlyForDeploymentPostprocessing = 0;
		};
		5040E46427EDAC3A007170A5 /* Sources */ = {
			isa = PBXSourcesBuildPhase;
			buildActionMask = 2147483647;
			files = (
				5040E46F27EDAC3A007170A5 /* UndomanagerUITestsLaunchTests.swift in Sources */,
				5040E46D27EDAC3A007170A5 /* UndomanagerUITests.swift in Sources */,
			);
			runOnlyForDeploymentPostprocessing = 0;
		};
/* End PBXSourcesBuildPhase section */

/* Begin PBXTargetDependency section */
		5040E46027EDAC3A007170A5 /* PBXTargetDependency */ = {
			isa = PBXTargetDependency;
			target = 5040E44D27EDAC35007170A5 /* Undomanager */;
			targetProxy = 5040E45F27EDAC3A007170A5 /* PBXContainerItemProxy */;
		};
		5040E46A27EDAC3A007170A5 /* PBXTargetDependency */ = {
			isa = PBXTargetDependency;
			target = 5040E44D27EDAC35007170A5 /* Undomanager */;
			targetProxy = 5040E46927EDAC3A007170A5 /* PBXContainerItemProxy */;
		};
/* End PBXTargetDependency section */

/* Begin XCBuildConfiguration section */
		5040E47027EDAC3A007170A5 /* Debug */ = {
			isa = XCBuildConfiguration;
			buildSettings = {
				ALWAYS_SEARCH_USER_PATHS = NO;
				CLANG_ANALYZER_NONNULL = YES;
				CLANG_ANALYZER_NUMBER_OBJECT_CONVERSION = YES_AGGRESSIVE;
				CLANG_CXX_LANGUAGE_STANDARD = "gnu++17";
				CLANG_CXX_LIBRARY = "libc++";
				CLANG_ENABLE_MODULES = YES;
				CLANG_ENABLE_OBJC_ARC = YES;
				CLANG_ENABLE_OBJC_WEAK = YES;
				CLANG_WARN_BLOCK_CAPTURE_AUTORELEASING = YES;
				CLANG_WARN_BOOL_CONVERSION = YES;
				CLANG_WARN_COMMA = YES;
				CLANG_WARN_CONSTANT_CONVERSION = YES;
				CLANG_WARN_DEPRECATED_OBJC_IMPLEMENTATIONS = YES;
				CLANG_WARN_DIRECT_OBJC_ISA_USAGE = YES_ERROR;
				CLANG_WARN_DOCUMENTATION_COMMENTS = YES;
				CLANG_WARN_EMPTY_BODY = YES;
				CLANG_WARN_ENUM_CONVERSION = YES;
				CLANG_WARN_INFINITE_RECURSION = YES;
				CLANG_WARN_INT_CONVERSION = YES;
				CLANG_WARN_NON_LITERAL_NULL_CONVERSION = YES;
				CLANG_WARN_OBJC_IMPLICIT_RETAIN_SELF = YES;
				CLANG_WARN_OBJC_LITERAL_CONVERSION = YES;
				CLANG_WARN_OBJC_ROOT_CLASS = YES_ERROR;
				CLANG_WARN_QUOTED_INCLUDE_IN_FRAMEWORK_HEADER = YES;
				CLANG_WARN_RANGE_LOOP_ANALYSIS = YES;
				CLANG_WARN_STRICT_PROTOTYPES = YES;
				CLANG_WARN_SUSPICIOUS_MOVE = YES;
				CLANG_WARN_UNGUARDED_AVAILABILITY = YES_AGGRESSIVE;
				CLANG_WARN_UNREACHABLE_CODE = YES;
				CLANG_WARN__DUPLICATE_METHOD_MATCH = YES;
				COPY_PHASE_STRIP = NO;
				DEBUG_INFORMATION_FORMAT = dwarf;
				ENABLE_STRICT_OBJC_MSGSEND = YES;
				ENABLE_TESTABILITY = YES;
				GCC_C_LANGUAGE_STANDARD = gnu11;
				GCC_DYNAMIC_NO_PIC = NO;
				GCC_NO_COMMON_BLOCKS = YES;
				GCC_OPTIMIZATION_LEVEL = 0;
				GCC_PREPROCESSOR_DEFINITIONS = (
					"DEBUG=1",
					"$(inherited)",
				);
				GCC_WARN_64_TO_32_BIT_CONVERSION = YES;
				GCC_WARN_ABOUT_RETURN_TYPE = YES_ERROR;
				GCC_WARN_UNDECLARED_SELECTOR = YES;
				GCC_WARN_UNINITIALIZED_AUTOS = YES_AGGRESSIVE;
				GCC_WARN_UNUSED_FUNCTION = YES;
				GCC_WARN_UNUSED_VARIABLE = YES;
				IPHONEOS_DEPLOYMENT_TARGET = 15.2;
				MTL_ENABLE_DEBUG_INFO = INCLUDE_SOURCE;
				MTL_FAST_MATH = YES;
				ONLY_ACTIVE_ARCH = YES;
				SDKROOT = iphoneos;
				SWIFT_ACTIVE_COMPILATION_CONDITIONS = DEBUG;
				SWIFT_OPTIMIZATION_LEVEL = "-Onone";
			};
			name = Debug;
		};
		5040E47127EDAC3A007170A5 /* Release */ = {
			isa = XCBuildConfiguration;
			buildSettings = {
				ALWAYS_SEARCH_USER_PATHS = NO;
				CLANG_ANALYZER_NONNULL = YES;
				CLANG_ANALYZER_NUMBER_OBJECT_CONVERSION = YES_AGGRESSIVE;
				CLANG_CXX_LANGUAGE_STANDARD = "gnu++17";
				CLANG_CXX_LIBRARY = "libc++";
				CLANG_ENABLE_MODULES = YES;
				CLANG_ENABLE_OBJC_ARC = YES;
				CLANG_ENABLE_OBJC_WEAK = YES;
				CLANG_WARN_BLOCK_CAPTURE_AUTORELEASING = YES;
				CLANG_WARN_BOOL_CONVERSION = YES;
				CLANG_WARN_COMMA = YES;
				CLANG_WARN_CONSTANT_CONVERSION = YES;
				CLANG_WARN_DEPRECATED_OBJC_IMPLEMENTATIONS = YES;
				CLANG_WARN_DIRECT_OBJC_ISA_USAGE = YES_ERROR;
				CLANG_WARN_DOCUMENTATION_COMMENTS = YES;
				CLANG_WARN_EMPTY_BODY = YES;
				CLANG_WARN_ENUM_CONVERSION = YES;
				CLANG_WARN_INFINITE_RECURSION = YES;
				CLANG_WARN_INT_CONVERSION = YES;
				CLANG_WARN_NON_LITERAL_NULL_CONVERSION = YES;
				CLANG_WARN_OBJC_IMPLICIT_RETAIN_SELF = YES;
				CLANG_WARN_OBJC_LITERAL_CONVERSION = YES;
				CLANG_WARN_OBJC_ROOT_CLASS = YES_ERROR;
				CLANG_WARN_QUOTED_INCLUDE_IN_FRAMEWORK_HEADER = YES;
				CLANG_WARN_RANGE_LOOP_ANALYSIS = YES;
				CLANG_WARN_STRICT_PROTOTYPES = YES;
				CLANG_WARN_SUSPICIOUS_MOVE = YES;
				CLANG_WARN_UNGUARDED_AVAILABILITY = YES_AGGRESSIVE;
				CLANG_WARN_UNREACHABLE_CODE = YES;
				CLANG_WARN__DUPLICATE_METHOD_MATCH = YES;
				COPY_PHASE_STRIP = NO;
				DEBUG_INFORMATION_FORMAT = "dwarf-with-dsym";
				ENABLE_NS_ASSERTIONS = NO;
				ENABLE_STRICT_OBJC_MSGSEND = YES;
				GCC_C_LANGUAGE_STANDARD = gnu11;
				GCC_NO_COMMON_BLOCKS = YES;
				GCC_WARN_64_TO_32_BIT_CONVERSION = YES;
				GCC_WARN_ABOUT_RETURN_TYPE = YES_ERROR;
				GCC_WARN_UNDECLARED_SELECTOR = YES;
				GCC_WARN_UNINITIALIZED_AUTOS = YES_AGGRESSIVE;
				GCC_WARN_UNUSED_FUNCTION = YES;
				GCC_WARN_UNUSED_VARIABLE = YES;
				IPHONEOS_DEPLOYMENT_TARGET = 15.2;
				MTL_ENABLE_DEBUG_INFO = NO;
				MTL_FAST_MATH = YES;
				SDKROOT = iphoneos;
				SWIFT_COMPILATION_MODE = wholemodule;
				SWIFT_OPTIMIZATION_LEVEL = "-O";
				VALIDATE_PRODUCT = YES;
			};
			name = Release;
		};
		5040E47327EDAC3A007170A5 /* Debug */ = {
			isa = XCBuildConfiguration;
			buildSettings = {
				ASSETCATALOG_COMPILER_APPICON_NAME = AppIcon;
				ASSETCATALOG_COMPILER_GLOBAL_ACCENT_COLOR_NAME = AccentColor;
				CODE_SIGN_STYLE = Automatic;
				CURRENT_PROJECT_VERSION = 1;
				DEVELOPMENT_ASSET_PATHS = "\"Undomanager/Preview Content\"";
				DEVELOPMENT_TEAM = CE53774E6S;
				ENABLE_PREVIEWS = YES;
				GENERATE_INFOPLIST_FILE = YES;
				INFOPLIST_KEY_UIApplicationSceneManifest_Generation = YES;
				INFOPLIST_KEY_UIApplicationSupportsIndirectInputEvents = YES;
				INFOPLIST_KEY_UILaunchScreen_Generation = YES;
				INFOPLIST_KEY_UISupportedInterfaceOrientations_iPad = "UIInterfaceOrientationPortrait UIInterfaceOrientationPortraitUpsideDown UIInterfaceOrientationLandscapeLeft UIInterfaceOrientationLandscapeRight";
				INFOPLIST_KEY_UISupportedInterfaceOrientations_iPhone = "UIInterfaceOrientationPortrait UIInterfaceOrientationLandscapeLeft UIInterfaceOrientationLandscapeRight";
				LD_RUNPATH_SEARCH_PATHS = (
					"$(inherited)",
					"@executable_path/Frameworks",
				);
				MARKETING_VERSION = 1.0;
				PRODUCT_BUNDLE_IDENTIFIER = com.machx20.undomanager.Undomanager;
				PRODUCT_NAME = "$(TARGET_NAME)";
				SWIFT_EMIT_LOC_STRINGS = YES;
				SWIFT_VERSION = 5.0;
				TARGETED_DEVICE_FAMILY = "1,2";
			};
			name = Debug;
		};
		5040E47427EDAC3A007170A5 /* Release */ = {
			isa = XCBuildConfiguration;
			buildSettings = {
				ASSETCATALOG_COMPILER_APPICON_NAME = AppIcon;
				ASSETCATALOG_COMPILER_GLOBAL_ACCENT_COLOR_NAME = AccentColor;
				CODE_SIGN_STYLE = Automatic;
				CURRENT_PROJECT_VERSION = 1;
				DEVELOPMENT_ASSET_PATHS = "\"Undomanager/Preview Content\"";
				DEVELOPMENT_TEAM = CE53774E6S;
				ENABLE_PREVIEWS = YES;
				GENERATE_INFOPLIST_FILE = YES;
				INFOPLIST_KEY_UIApplicationSceneManifest_Generation = YES;
				INFOPLIST_KEY_UIApplicationSupportsIndirectInputEvents = YES;
				INFOPLIST_KEY_UILaunchScreen_Generation = YES;
				INFOPLIST_KEY_UISupportedInterfaceOrientations_iPad = "UIInterfaceOrientationPortrait UIInterfaceOrientationPortraitUpsideDown UIInterfaceOrientationLandscapeLeft UIInterfaceOrientationLandscapeRight";
				INFOPLIST_KEY_UISupportedInterfaceOrientations_iPhone = "UIInterfaceOrientationPortrait UIInterfaceOrientationLandscapeLeft UIInterfaceOrientationLandscapeRight";
				LD_RUNPATH_SEARCH_PATHS = (
					"$(inherited)",
					"@executable_path/Frameworks",
				);
				MARKETING_VERSION = 1.0;
				PRODUCT_BUNDLE_IDENTIFIER = com.machx20.undomanager.Undomanager;
				PRODUCT_NAME = "$(TARGET_NAME)";
				SWIFT_EMIT_LOC_STRINGS = YES;
				SWIFT_VERSION = 5.0;
				TARGETED_DEVICE_FAMILY = "1,2";
			};
			name = Release;
		};
		5040E47627EDAC3A007170A5 /* Debug */ = {
			isa = XCBuildConfiguration;
			buildSettings = {
				ALWAYS_EMBED_SWIFT_STANDARD_LIBRARIES = YES;
				BUNDLE_LOADER = "$(TEST_HOST)";
				CODE_SIGN_STYLE = Automatic;
				CURRENT_PROJECT_VERSION = 1;
				DEVELOPMENT_TEAM = CE53774E6S;
				GENERATE_INFOPLIST_FILE = YES;
				IPHONEOS_DEPLOYMENT_TARGET = 15.2;
				MARKETING_VERSION = 1.0;
				PRODUCT_BUNDLE_IDENTIFIER = com.machx20.undomanager.UndomanagerTests;
				PRODUCT_NAME = "$(TARGET_NAME)";
				SWIFT_EMIT_LOC_STRINGS = NO;
				SWIFT_VERSION = 5.0;
				TARGETED_DEVICE_FAMILY = "1,2";
				TEST_HOST = "$(BUILT_PRODUCTS_DIR)/Undomanager.app/Undomanager";
			};
			name = Debug;
		};
		5040E47727EDAC3A007170A5 /* Release */ = {
			isa = XCBuildConfiguration;
			buildSettings = {
				ALWAYS_EMBED_SWIFT_STANDARD_LIBRARIES = YES;
				BUNDLE_LOADER = "$(TEST_HOST)";
				CODE_SIGN_STYLE = Automatic;
				CURRENT_PROJECT_VERSION = 1;
				DEVELOPMENT_TEAM = CE53774E6S;
				GENERATE_INFOPLIST_FILE = YES;
				IPHONEOS_DEPLOYMENT_TARGET = 15.2;
				MARKETING_VERSION = 1.0;
				PRODUCT_BUNDLE_IDENTIFIER = com.machx20.undomanager.UndomanagerTests;
				PRODUCT_NAME = "$(TARGET_NAME)";
				SWIFT_EMIT_LOC_STRINGS = NO;
				SWIFT_VERSION = 5.0;
				TARGETED_DEVICE_FAMILY = "1,2";
				TEST_HOST = "$(BUILT_PRODUCTS_DIR)/Undomanager.app/Undomanager";
			};
			name = Release;
		};
		5040E47927EDAC3A007170A5 /* Debug */ = {
			isa = XCBuildConfiguration;
			buildSettings = {
				ALWAYS_EMBED_SWIFT_STANDARD_LIBRARIES = YES;
				CODE_SIGN_STYLE = Automatic;
				CURRENT_PROJECT_VERSION = 1;
				DEVELOPMENT_TEAM = CE53774E6S;
				GENERATE_INFOPLIST_FILE = YES;
				MARKETING_VERSION = 1.0;
				PRODUCT_BUNDLE_IDENTIFIER = com.machx20.undomanager.UndomanagerUITests;
				PRODUCT_NAME = "$(TARGET_NAME)";
				SWIFT_EMIT_LOC_STRINGS = NO;
				SWIFT_VERSION = 5.0;
				TARGETED_DEVICE_FAMILY = "1,2";
				TEST_TARGET_NAME = Undomanager;
			};
			name = Debug;
		};
		5040E47A27EDAC3A007170A5 /* Release */ = {
			isa = XCBuildConfiguration;
			buildSettings = {
				ALWAYS_EMBED_SWIFT_STANDARD_LIBRARIES = YES;
				CODE_SIGN_STYLE = Automatic;
				CURRENT_PROJECT_VERSION = 1;
				DEVELOPMENT_TEAM = CE53774E6S;
				GENERATE_INFOPLIST_FILE = YES;
				MARKETING_VERSION = 1.0;
				PRODUCT_BUNDLE_IDENTIFIER = com.machx20.undomanager.UndomanagerUITests;
				PRODUCT_NAME = "$(TARGET_NAME)";
				SWIFT_EMIT_LOC_STRINGS = NO;
				SWIFT_VERSION = 5.0;
				TARGETED_DEVICE_FAMILY = "1,2";
				TEST_TARGET_NAME = Undomanager;
			};
			name = Release;
		};
/* End XCBuildConfiguration section */

/* Begin XCConfigurationList section */
		5040E44927EDAC35007170A5 /* Build configuration list for PBXProject "Undomanager" */ = {
			isa = XCConfigurationList;
			buildConfigurations = (
				5040E47027EDAC3A007170A5 /* Debug */,
				5040E47127EDAC3A007170A5 /* Release */,
			);
			defaultConfigurationIsVisible = 0;
			defaultConfigurationName = Release;
		};
		5040E47227EDAC3A007170A5 /* Build configuration list for PBXNativeTarget "Undomanager" */ = {
			isa = XCConfigurationList;
			buildConfigurations = (
				5040E47327EDAC3A007170A5 /* Debug */,
				5040E47427EDAC3A007170A5 /* Release */,
			);
			defaultConfigurationIsVisible = 0;
			defaultConfigurationName = Release;
		};
		5040E47527EDAC3A007170A5 /* Build configuration list for PBXNativeTarget "UndomanagerTests" */ = {
			isa = XCConfigurationList;
			buildConfigurations = (
				5040E47627EDAC3A007170A5 /* Debug */,
				5040E47727EDAC3A007170A5 /* Release */,
			);
			defaultConfigurationIsVisible = 0;
			defaultConfigurationName = Release;
		};
		5040E47827EDAC3A007170A5 /* Build configuration list for PBXNativeTarget "UndomanagerUITests" */ = {
			isa = XCConfigurationList;
			buildConfigurations = (
				5040E47927EDAC3A007170A5 /* Debug */,
				5040E47A27EDAC3A007170A5 /* Release */,
			);
			defaultConfigurationIsVisible = 0;
			defaultConfigurationName = Release;
		};
/* End XCConfigurationList section */
	};
	rootObject = 5040E44627EDAC35007170A5 /* Project object */;
}
